
Microsoft Visual Studio Solution File, Format Version 12.00
# Visual Studio 2013
VisualStudioVersion = 12.0.30110.0
MinimumVisualStudioVersion = 10.0.40219.1
Project("{FAE04EC0-301F-11D3-BF4B-00C04F79EFBC}") = "Nancy.BundleIt", "Nancy.BundleIt\Nancy.BundleIt.csproj", "{1C8C4E57-E839-4A93-AB1D-BF1B3F403C3B}"
EndProject
Project("{FAE04EC0-301F-11D3-BF4B-00C04F79EFBC}") = "BundleItTestSite", "BundleItTestSite\BundleItTestSite.csproj", "{68F5F5F3-B8BB-4911-875F-6F00AAE04EA6}"
EndProject
Global
	GlobalSection(SubversionScc) = preSolution
		Svn-Managed = True
		Manager = AnkhSVN - Subversion Support for Visual Studio
	EndGlobalSection
	GlobalSection(SolutionConfigurationPlatforms) = preSolution
		Debug|Any CPU = Debug|Any CPU
		Release|Any CPU = Release|Any CPU
	EndGlobalSection
	GlobalSection(ProjectConfigurationPlatforms) = postSolution
		{1C8C4E57-E839-4A93-AB1D-BF1B3F403C3B}.Debug|Any CPU.ActiveCfg = Debug|Any CPU
		{1C8C4E57-E839-4A93-AB1D-BF1B3F403C3B}.Debug|Any CPU.Build.0 = Debug|Any CPU
		{1C8C4E57-E839-4A93-AB1D-BF1B3F403C3B}.Release|Any CPU.ActiveCfg = Release|Any CPU
		{1C8C4E57-E839-4A93-AB1D-BF1B3F403C3B}.Release|Any CPU.Build.0 = Release|Any CPU
		{68F5F5F3-B8BB-4911-875F-6F00AAE04EA6}.Debug|Any CPU.ActiveCfg = Debug|Any CPU
		{68F5F5F3-B8BB-4911-875F-6F00AAE04EA6}.Debug|Any CPU.Build.0 = Debug|Any CPU
		{68F5F5F3-B8BB-4911-875F-6F00AAE04EA6}.Release|Any CPU.ActiveCfg = Release|Any CPU
		{68F5F5F3-B8BB-4911-875F-6F00AAE04EA6}.Release|Any CPU.Build.0 = Release|Any CPU
	EndGlobalSection
	GlobalSection(SolutionProperties) = preSolution
		HideSolutionNode = FALSE
	EndGlobalSection
EndGlobal
